// !$*UTF8*$!
{
	archiveVersion = 1;
	classes = {
	};
	objectVersion = 46;
	objects = {

/* Begin PBXBuildFile section */
		1A3095421B662D4000A7324F /* main.m in Sources */ = {isa = PBXBuildFile; fileRef = 1A3095411B662D4000A7324F /* main.m */; };
		1A3095451B662D4000A7324F /* AppDelegate.m in Sources */ = {isa = PBXBuildFile; fileRef = 1A3095441B662D4000A7324F /* AppDelegate.m */; };
		1A3095471B662D4000A7324F /* Images.xcassets in Resources */ = {isa = PBXBuildFile; fileRef = 1A3095461B662D4000A7324F /* Images.xcassets */; };
		1A30954A1B662D4000A7324F /* LaunchScreen.xib in Resources */ = {isa = PBXBuildFile; fileRef = 1A3095481B662D4000A7324F /* LaunchScreen.xib */; };
		1A3095561B662D4000A7324F /* CheseLabelTests.m in Sources */ = {isa = PBXBuildFile; fileRef = 1A3095551B662D4000A7324F /* CheseLabelTests.m */; };
/* End PBXBuildFile section */

/* Begin PBXContainerItemProxy section */
		1A3095501B662D4000A7324F /* PBXContainerItemProxy */ = {
			isa = PBXContainerItemProxy;
			containerPortal = 1A3095341B662D4000A7324F /* Project object */;
			proxyType = 1;
			remoteGlobalIDString = 1A30953B1B662D4000A7324F;
			remoteInfo = CheseLabel;
		};
/* End PBXContainerItemProxy section */

/* Begin PBXFileReference section */
		1A30953C1B662D4000A7324F /* CheseLabel.app */ = {isa = PBXFileReference; explicitFileType = wrapper.application; includeInIndex = 0; path = CheseLabel.app; sourceTree = BUILT_PRODUCTS_DIR; };
		1A3095401B662D4000A7324F /* Info.plist */ = {isa = PBXFileReference; lastKnownFileType = text.plist.xml; path = Info.plist; sourceTree = "<group>"; };
		1A3095411B662D4000A7324F /* main.m */ = {isa = PBXFileReference; lastKnownFileType = sourcecode.c.objc; path = main.m; sourceTree = "<group>"; };
		1A3095431B662D4000A7324F /* AppDelegate.h */ = {isa = PBXFileReference; lastKnownFileType = sourcecode.c.h; path = AppDelegate.h; sourceTree = "<group>"; };
		1A3095441B662D4000A7324F /* AppDelegate.m */ = {isa = PBXFileReference; lastKnownFileType = sourcecode.c.objc; path = AppDelegate.m; sourceTree = "<group>"; };
		1A3095461B662D4000A7324F /* Images.xcassets */ = {isa = PBXFileReference; lastKnownFileType = folder.assetcatalog; path = Images.xcassets; sourceTree = "<group>"; };
		1A3095491B662D4000A7324F /* Base */ = {isa = PBXFileReference; lastKnownFileType = file.xib; name = Base; path = Base.lproj/LaunchScreen.xib; sourceTree = "<group>"; };
		1A30954F1B662D4000A7324F /* CheseLabelTests.xctest */ = {isa = PBXFileReference; explicitFileType = wrapper.cfbundle; includeInIndex = 0; path = CheseLabelTests.xctest; sourceTree = BUILT_PRODUCTS_DIR; };
		1A3095541B662D4000A7324F /* Info.plist */ = {isa = PBXFileReference; lastKnownFileType = text.plist.xml; path = Info.plist; sourceTree = "<group>"; };
		1A3095551B662D4000A7324F /* CheseLabelTests.m */ = {isa = PBXFileReference; lastKnownFileType = sourcecode.c.objc; path = CheseLabelTests.m; sourceTree = "<group>"; };
/* End PBXFileReference section */

/* Begin PBXFrameworksBuildPhase section */
		1A3095391B662D4000A7324F /* Frameworks */ = {
			isa = PBXFrameworksBuildPhase;
			buildActionMask = 2147483647;
			files = (
			);
			runOnlyForDeploymentPostprocessing = 0;
		};
		1A30954C1B662D4000A7324F /* Frameworks */ = {
			isa = PBXFrameworksBuildPhase;
			buildActionMask = 2147483647;
			files = (
			);
			runOnlyForDeploymentPostprocessing = 0;
		};
/* End PBXFrameworksBuildPhase section */

/* Begin PBXGroup section */
		1A3095331B662D4000A7324F = {
			isa = PBXGroup;
			children = (
				1A30953E1B662D4000A7324F /* CheseLabel */,
				1A3095521B662D4000A7324F /* CheseLabelTests */,
				1A30953D1B662D4000A7324F /* Products */,
			);
			sourceTree = "<group>";
		};
		1A30953D1B662D4000A7324F /* Products */ = {
			isa = PBXGroup;
			children = (
				1A30953C1B662D4000A7324F /* CheseLabel.app */,
				1A30954F1B662D4000A7324F /* CheseLabelTests.xctest */,
			);
			name = Products;
			sourceTree = "<group>";
		};
		1A30953E1B662D4000A7324F /* CheseLabel */ = {
			isa = PBXGroup;
			children = (
				1A3095431B662D4000A7324F /* AppDelegate.h */,
				1A3095441B662D4000A7324F /* AppDelegate.m */,
				1A3095461B662D4000A7324F /* Images.xcassets */,
				1A3095481B662D4000A7324F /* LaunchScreen.xib */,
				1A30953F1B662D4000A7324F /* Supporting Files */,
			);
			path = CheseLabel;
			sourceTree = "<group>";
		};
		1A30953F1B662D4000A7324F /* Supporting Files */ = {
			isa = PBXGroup;
			children = (
				1A3095401B662D4000A7324F /* Info.plist */,
				1A3095411B662D4000A7324F /* main.m */,
			);
			name = "Supporting Files";
			sourceTree = "<group>";
		};
		1A3095521B662D4000A7324F /* CheseLabelTests */ = {
			isa = PBXGroup;
			children = (
				1A3095551B662D4000A7324F /* CheseLabelTests.m */,
				1A3095531B662D4000A7324F /* Supporting Files */,
			);
			path = CheseLabelTests;
			sourceTree = "<group>";
		};
		1A3095531B662D4000A7324F /* Supporting Files */ = {
			isa = PBXGroup;
			children = (
				1A3095541B662D4000A7324F /* Info.plist */,
			);
			name = "Supporting Files";
			sourceTree = "<group>";
		};
/* End PBXGroup section */

/* Begin PBXNativeTarget section */
		1A30953B1B662D4000A7324F /* CheseLabel */ = {
			isa = PBXNativeTarget;
			buildConfigurationList = 1A3095591B662D4000A7324F /* Build configuration list for PBXNativeTarget "CheseLabel" */;
			buildPhases = (
				1A3095381B662D4000A7324F /* Sources */,
				1A3095391B662D4000A7324F /* Frameworks */,
				1A30953A1B662D4000A7324F /* Resources */,
			);
			buildRules = (
			);
			dependencies = (
			);
			name = CheseLabel;
			productName = CheseLabel;
			productReference = 1A30953C1B662D4000A7324F /* CheseLabel.app */;
			productType = "com.apple.product-type.application";
		};
		1A30954E1B662D4000A7324F /* CheseLabelTests */ = {
			isa = PBXNativeTarget;
			buildConfigurationList = 1A30955C1B662D4000A7324F /* Build configuration list for PBXNativeTarget "CheseLabelTests" */;
			buildPhases = (
				1A30954B1B662D4000A7324F /* Sources */,
				1A30954C1B662D4000A7324F /* Frameworks */,
				1A30954D1B662D4000A7324F /* Resources */,
			);
			buildRules = (
			);
			dependencies = (
				1A3095511B662D4000A7324F /* PBXTargetDependency */,
			);
			name = CheseLabelTests;
			productName = CheseLabelTests;
			productReference = 1A30954F1B662D4000A7324F /* CheseLabelTests.xctest */;
			productType = "com.apple.product-type.bundle.unit-test";
		};
/* End PBXNativeTarget section */

/* Begin PBXProject section */
		1A3095341B662D4000A7324F /* Project object */ = {
			isa = PBXProject;
			attributes = {
				LastUpgradeCheck = 0640;
				ORGANIZATIONNAME = liuyuecheng;
				TargetAttributes = {
					1A30953B1B662D4000A7324F = {
						CreatedOnToolsVersion = 6.4;
					};
					1A30954E1B662D4000A7324F = {
						CreatedOnToolsVersion = 6.4;
						TestTargetID = 1A30953B1B662D4000A7324F;
					};
				};
			};
			buildConfigurationList = 1A3095371B662D4000A7324F /* Build configuration list for PBXProject "CheseLabel" */;
			compatibilityVersion = "Xcode 3.2";
			developmentRegion = English;
			hasScannedForEncodings = 0;
			knownRegions = (
				en,
				Base,
			);
			mainGroup = 1A3095331B662D4000A7324F;
			productRefGroup = 1A30953D1B662D4000A7324F /* Products */;
			projectDirPath = "";
			projectRoot = "";
			targets = (
				1A30953B1B662D4000A7324F /* CheseLabel */,
				1A30954E1B662D4000A7324F /* CheseLabelTests */,
			);
		};
/* End PBXProject section */

/* Begin PBXResourcesBuildPhase section */
		1A30953A1B662D4000A7324F /* Resources */ = {
			isa = PBXResourcesBuildPhase;
			buildActionMask = 2147483647;
			files = (
				1A30954A1B662D4000A7324F /* LaunchScreen.xib in Resources */,
				1A3095471B662D4000A7324F /* Images.xcassets in Resources */,
			);
			runOnlyForDeploymentPostprocessing = 0;
		};
		1A30954D1B662D4000A7324F /* Resources */ = {
			isa = PBXResourcesBuildPhase;
			buildActionMask = 2147483647;
			files = (
			);
			runOnlyForDeploymentPostprocessing = 0;
		};
/* End PBXResourcesBuildPhase section */

/* Begin PBXSourcesBuildPhase section */
		1A3095381B662D4000A7324F /* Sources */ = {
			isa = PBXSourcesBuildPhase;
			buildActionMask = 2147483647;
			files = (
				1A3095451B662D4000A7324F /* AppDelegate.m in Sources */,
				1A3095421B662D4000A7324F /* main.m in Sources */,
			);
			runOnlyForDeploymentPostprocessing = 0;
		};
		1A30954B1B662D4000A7324F /* Sources */ = {
			isa = PBXSourcesBuildPhase;
			buildActionMask = 2147483647;
			files = (
				1A3095561B662D4000A7324F /* CheseLabelTests.m in Sources */,
			);
			runOnlyForDeploymentPostprocessing = 0;
		};
/* End PBXSourcesBuildPhase section */

/* Begin PBXTargetDependency section */
		1A3095511B662D4000A7324F /* PBXTargetDependency */ = {
			isa = PBXTargetDependency;
			target = 1A30953B1B662D4000A7324F /* CheseLabel */;
			targetProxy = 1A3095501B662D4000A7324F /* PBXContainerItemProxy */;
		};
/* End PBXTargetDependency section */

/* Begin PBXVariantGroup section */
		1A3095481B662D4000A7324F /* LaunchScreen.xib */ = {
			isa = PBXVariantGroup;
			children = (
				1A3095491B662D4000A7324F /* Base */,
			);
			name = LaunchScreen.xib;
			sourceTree = "<group>";
		};
/* End PBXVariantGroup section */

/* Begin XCBuildConfiguration section */
		1A3095571B662D4000A7324F /* Debug */ = {
			isa = XCBuildConfiguration;
			buildSettings = {
				ALWAYS_SEARCH_USER_PATHS = NO;
				CLANG_CXX_LANGUAGE_STANDARD = "gnu++0x";
				CLANG_CXX_LIBRARY = "libc++";
				CLANG_ENABLE_MODULES = YES;
				CLANG_ENABLE_OBJC_ARC = YES;
				CLANG_WARN_BOOL_CONVERSION = YES;
				CLANG_WARN_CONSTANT_CONVERSION = YES;
				CLANG_WARN_DIRECT_OBJC_ISA_USAGE = YES_ERROR;
				CLANG_WARN_EMPTY_BODY = YES;
				CLANG_WARN_ENUM_CONVERSION = YES;
				CLANG_WARN_INT_CONVERSION = YES;
				CLANG_WARN_OBJC_ROOT_CLASS = YES_ERROR;
				CLANG_WARN_UNREACHABLE_CODE = YES;
				CLANG_WARN__DUPLICATE_METHOD_MATCH = YES;
				"CODE_SIGN_IDENTITY[sdk=iphoneos*]" = "iPhone Developer";
				COPY_PHASE_STRIP = NO;
				DEBUG_INFORMATION_FORMAT = "dwarf-with-dsym";
				ENABLE_STRICT_OBJC_MSGSEND = YES;
				GCC_C_LANGUAGE_STANDARD = gnu99;
				GCC_DYNAMIC_NO_PIC = NO;
				GCC_NO_COMMON_BLOCKS = YES;
				GCC_OPTIMIZATION_LEVEL = 0;
				GCC_PREPROCESSOR_DEFINITIONS = (
					"DEBUG=1",
					"$(inherited)",
				);
				GCC_SYMBOLS_PRIVATE_EXTERN = NO;
				GCC_WARN_64_TO_32_BIT_CONVERSION = YES;
				GCC_WARN_ABOUT_RETURN_TYPE = YES_ERROR;
				GCC_WARN_UNDECLARED_SELECTOR = YES;
				GCC_WARN_UNINITIALIZED_AUTOS = YES_AGGRESSIVE;
				GCC_WARN_UNUSED_FUNCTION = YES;
				GCC_WARN_UNUSED_VARIABLE = YES;
				IPHONEOS_DEPLOYMENT_TARGET = 8.4;
				MTL_ENABLE_DEBUG_INFO = YES;
				ONLY_ACTIVE_ARCH = YES;
				SDKROOT = iphoneos;
			};
			name = Debug;
		};
		1A3095581B662D4000A7324F /* Release */ = {
			isa = XCBuildConfiguration;
			buildSettings = {
				ALWAYS_SEARCH_USER_PATHS = NO;
				CLANG_CXX_LANGUAGE_STANDARD = "gnu++0x";
				CLANG_CXX_LIBRARY = "libc++";
				CLANG_ENABLE_MODULES = YES;
				CLANG_ENABLE_OBJC_ARC = YES;
				CLANG_WARN_BOOL_CONVERSION = YES;
				CLANG_WARN_CONSTANT_CONVERSION = YES;
				CLANG_WARN_DIRECT_OBJC_ISA_USAGE = YES_ERROR;
				CLANG_WARN_EMPTY_BODY = YES;
				CLANG_WARN_ENUM_CONVERSION = YES;
				CLANG_WARN_INT_CONVERSION = YES;
				CLANG_WARN_OBJC_ROOT_CLASS = YES_ERROR;
				CLANG_WARN_UNREACHABLE_CODE = YES;
				CLANG_WARN__DUPLICATE_METHOD_MATCH = YES;
				"CODE_SIGN_IDENTITY[sdk=iphoneos*]" = "iPhone Developer";
				COPY_PHASE_STRIP = NO;
				DEBUG_INFORMATION_FORMAT = "dwarf-with-dsym";
				ENABLE_NS_ASSERTIONS = NO;
				ENABLE_STRICT_OBJC_MSGSEND = YES;
				GCC_C_LANGUAGE_STANDARD = gnu99;
				GCC_NO_COMMON_BLOCKS = YES;
				GCC_WARN_64_TO_32_BIT_CONVERSION = YES;
				GCC_WARN_ABOUT_RETURN_TYPE = YES_ERROR;
				GCC_WARN_UNDECLARED_SELECTOR = YES;
				GCC_WARN_UNINITIALIZED_AUTOS = YES_AGGRESSIVE;
				GCC_WARN_UNUSED_FUNCTION = YES;
				GCC_WARN_UNUSED_VARIABLE = YES;
				IPHONEOS_DEPLOYMENT_TARGET = 8.4;
				MTL_ENABLE_DEBUG_INFO = NO;
				SDKROOT = iphoneos;
				VALIDATE_PRODUCT = YES;
			};
			name = Release;
		};
		1A30955A1B662D4000A7324F /* Debug */ = {
			isa = XCBuildConfiguration;
			buildSettings = {
				ASSETCATALOG_COMPILER_APPICON_NAME = AppIcon;
				INFOPLIST_FILE = CheseLabel/Info.plist;
				LD_RUNPATH_SEARCH_PATHS = "$(inherited) @executable_path/Frameworks";
				PRODUCT_NAME = "$(TARGET_NAME)";
			};
			name = Debug;
		};
		1A30955B1B662D4000A7324F /* Release */ = {
			isa = XCBuildConfiguration;
			buildSettings = {
				ASSETCATALOG_COMPILER_APPICON_NAME = AppIcon;
				INFOPLIST_FILE = CheseLabel/Info.plist;
				LD_RUNPATH_SEARCH_PATHS = "$(inherited) @executable_path/Frameworks";
				PRODUCT_NAME = "$(TARGET_NAME)";
			};
			name = Release;
		};
		1A30955D1B662D4000A7324F /* Debug */ = {
			isa = XCBuildConfiguration;
			buildSettings = {
				BUNDLE_LOADER = "$(TEST_HOST)";
				FRAMEWORK_SEARCH_PATHS = (
					"$(SDKROOT)/Developer/Library/Frameworks",
					"$(inherited)",
				);
				GCC_PREPROCESSOR_DEFINITIONS = (
					"DEBUG=1",
					"$(inherited)",
				);
				INFOPLIST_FILE = CheseLabelTests/Info.plist;
				LD_RUNPATH_SEARCH_PATHS = "$(inherited) @executable_path/Frameworks @loader_path/Frameworks";
				PRODUCT_NAME = "$(TARGET_NAME)";
				TEST_HOST = "$(BUILT_PRODUCTS_DIR)/CheseLabel.app/CheseLabel";
			};
			name = Debug;
		};
		1A30955E1B662D4000A7324F /* Release */ = {
			isa = XCBuildConfiguration;
			buildSettings = {
				BUNDLE_LOADER = "$(TEST_HOST)";
				FRAMEWORK_SEARCH_PATHS = (
					"$(SDKROOT)/Developer/Library/Frameworks",
					"$(inherited)",
				);
				INFOPLIST_FILE = CheseLabelTests/Info.plist;
				LD_RUNPATH_SEARCH_PATHS = "$(inherited) @executable_path/Frameworks @loader_path/Frameworks";
				PRODUCT_NAME = "$(TARGET_NAME)";
				TEST_HOST = "$(BUILT_PRODUCTS_DIR)/CheseLabel.app/CheseLabel";
			};
			name = Release;
		};
/* End XCBuildConfiguration section */

/* Begin XCConfigurationList section */
		1A3095371B662D4000A7324F /* Build configuration list for PBXProject "CheseLabel" */ = {
			isa = XCConfigurationList;
			buildConfigurations = (
				1A3095571B662D4000A7324F /* Debug */,
				1A3095581B662D4000A7324F /* Release */,
			);
			defaultConfigurationIsVisible = 0;
			defaultConfigurationName = Release;
		};
		1A3095591B662D4000A7324F /* Build configuration list for PBXNativeTarget "CheseLabel" */ = {
			isa = XCConfigurationList;
			buildConfigurations = (
				1A30955A1B662D4000A7324F /* Debug */,
				1A30955B1B662D4000A7324F /* Release */,
			);
			defaultConfigurationIsVisible = 0;
		};
		1A30955C1B662D4000A7324F /* Build configuration list for PBXNativeTarget "CheseLabelTests" */ = {
			isa = XCConfigurationList;
			buildConfigurations = (
				1A30955D1B662D4000A7324F /* Debug */,
				1A30955E1B662D4000A7324F /* Release */,
			);
			defaultConfigurationIsVisible = 0;
		};
/* End XCConfigurationList section */
	};
	rootObject = 1A3095341B662D4000A7324F /* Project object */;
}
